// !$*UTF8*$!
{
	archiveVersion = 1;
	classes = {
	};
	objectVersion = 50;
	objects = {

/* Begin PBXBuildFile section */
		FE40287122175DB90062E355 /* AppDelegate.swift in Sources */ = {isa = PBXBuildFile; fileRef = FE40287022175DB90062E355 /* AppDelegate.swift */; };
		FE40287622175DB90062E355 /* Main.storyboard in Resources */ = {isa = PBXBuildFile; fileRef = FE40287422175DB90062E355 /* Main.storyboard */; };
		FE40287822175DBB0062E355 /* Assets.xcassets in Resources */ = {isa = PBXBuildFile; fileRef = FE40287722175DBB0062E355 /* Assets.xcassets */; };
		FE40287B22175DBB0062E355 /* LaunchScreen.storyboard in Resources */ = {isa = PBXBuildFile; fileRef = FE40287922175DBB0062E355 /* LaunchScreen.storyboard */; };
		FE40288A221760C60062E355 /* ParameterEnconding.swift in Sources */ = {isa = PBXBuildFile; fileRef = FE402889221760C60062E355 /* ParameterEnconding.swift */; };
		FE40288C221761F60062E355 /* URLParameterEncoder.swift in Sources */ = {isa = PBXBuildFile; fileRef = FE40288B221761F60062E355 /* URLParameterEncoder.swift */; };
		FE40288E221763750062E355 /* JSONParameterEncoder.swift in Sources */ = {isa = PBXBuildFile; fileRef = FE40288D221763750062E355 /* JSONParameterEncoder.swift */; };
		FE4028912217674C0062E355 /* EndPointType.swift in Sources */ = {isa = PBXBuildFile; fileRef = FE4028902217674C0062E355 /* EndPointType.swift */; };
		FE4028932217681E0062E355 /* HTTPMethod.swift in Sources */ = {isa = PBXBuildFile; fileRef = FE4028922217681E0062E355 /* HTTPMethod.swift */; };
		FE402895221768800062E355 /* HTTPTask.swift in Sources */ = {isa = PBXBuildFile; fileRef = FE402894221768800062E355 /* HTTPTask.swift */; };
		FE402897221768A20062E355 /* HTTPHeaders.swift in Sources */ = {isa = PBXBuildFile; fileRef = FE402896221768A20062E355 /* HTTPHeaders.swift */; };
		FE40289922176B6A0062E355 /* NetworkRouter.swift in Sources */ = {isa = PBXBuildFile; fileRef = FE40289822176B6A0062E355 /* NetworkRouter.swift */; };
		FE40289B22176C3A0062E355 /* NetworkLogger.swift in Sources */ = {isa = PBXBuildFile; fileRef = FE40289A22176C3A0062E355 /* NetworkLogger.swift */; };
		FE40289D22176CC50062E355 /* Router.swift in Sources */ = {isa = PBXBuildFile; fileRef = FE40289C22176CC50062E355 /* Router.swift */; };
		FE4028A12219AE670062E355 /* MarvelAPI.swift in Sources */ = {isa = PBXBuildFile; fileRef = FE4028A02219AE670062E355 /* MarvelAPI.swift */; };
		FE4028A32219AE7A0062E355 /* MarvelAPI+Constants.swift in Sources */ = {isa = PBXBuildFile; fileRef = FE4028A22219AE7A0062E355 /* MarvelAPI+Constants.swift */; };
		FE4028A72219B5340062E355 /* NetworkEnviroment.swift in Sources */ = {isa = PBXBuildFile; fileRef = FE4028A62219B5340062E355 /* NetworkEnviroment.swift */; };
		FE4028A92219B61B0062E355 /* MarvelAPIManager.swift in Sources */ = {isa = PBXBuildFile; fileRef = FE4028A82219B61B0062E355 /* MarvelAPIManager.swift */; };
		FE4028AD2219BBA30062E355 /* String+MD5.swift in Sources */ = {isa = PBXBuildFile; fileRef = FE4028AC2219BBA30062E355 /* String+MD5.swift */; };
		FE4028AF2219D2D70062E355 /* Hero.swift in Sources */ = {isa = PBXBuildFile; fileRef = FE4028AE2219D2D70062E355 /* Hero.swift */; };
		FE4028B12219D3F80062E355 /* Thumbnail.swift in Sources */ = {isa = PBXBuildFile; fileRef = FE4028B02219D3F80062E355 /* Thumbnail.swift */; };
		FE4028B32219D5480062E355 /* Comics.swift in Sources */ = {isa = PBXBuildFile; fileRef = FE4028B22219D5480062E355 /* Comics.swift */; };
		FE4028B52219D5FB0062E355 /* Stories.swift in Sources */ = {isa = PBXBuildFile; fileRef = FE4028B42219D5FB0062E355 /* Stories.swift */; };
		FE4028B7221A3AA20062E355 /* Series.swift in Sources */ = {isa = PBXBuildFile; fileRef = FE4028B6221A3AA20062E355 /* Series.swift */; };
		FE4028B9221A3AC40062E355 /* Events.swift in Sources */ = {isa = PBXBuildFile; fileRef = FE4028B8221A3AC40062E355 /* Events.swift */; };
		FE4028BB221B05C00062E355 /* TabBarViewController.swift in Sources */ = {isa = PBXBuildFile; fileRef = FE4028BA221B05C00062E355 /* TabBarViewController.swift */; };
		FE4028BD221B05FD0062E355 /* HeroesViewController.swift in Sources */ = {isa = PBXBuildFile; fileRef = FE4028BC221B05FD0062E355 /* HeroesViewController.swift */; };
		FE4028BF221B06990062E355 /* MyHeroesViewController.swift in Sources */ = {isa = PBXBuildFile; fileRef = FE4028BE221B06990062E355 /* MyHeroesViewController.swift */; };
		FE4EEEB12221C1AF00B0E9CE /* HeroCollectionViewCell.swift in Sources */ = {isa = PBXBuildFile; fileRef = FE4EEEB02221C1AF00B0E9CE /* HeroCollectionViewCell.swift */; };
		FE4EEEB52221C57E00B0E9CE /* Heroes.storyboard in Resources */ = {isa = PBXBuildFile; fileRef = FE4EEEB32221C57E00B0E9CE /* Heroes.storyboard */; };
		FE4EEEB82221C6D200B0E9CE /* MyHeroes.storyboard in Resources */ = {isa = PBXBuildFile; fileRef = FE4EEEB62221C6D200B0E9CE /* MyHeroes.storyboard */; };
		FE4EEEBE2221D26100B0E9CE /* HeroesViewController+CollectionView.swift in Sources */ = {isa = PBXBuildFile; fileRef = FE4EEEBD2221D26100B0E9CE /* HeroesViewController+CollectionView.swift */; };
		FE4EEEC2222207E900B0E9CE /* MarvelDataSource.swift in Sources */ = {isa = PBXBuildFile; fileRef = FE4EEEC1222207E900B0E9CE /* MarvelDataSource.swift */; };
		FE4EEEC42222F23B00B0E9CE /* ImageCache.swift in Sources */ = {isa = PBXBuildFile; fileRef = FE4EEEC32222F23B00B0E9CE /* ImageCache.swift */; };
		FE4EEEC62224649C00B0E9CE /* HeroesViewController+UISearchBarDelegate.swift in Sources */ = {isa = PBXBuildFile; fileRef = FE4EEEC52224649C00B0E9CE /* HeroesViewController+UISearchBarDelegate.swift */; };
		FE4EEEC92226CEFB00B0E9CE /* UIViewController+Alert.swift in Sources */ = {isa = PBXBuildFile; fileRef = FE4EEEC82226CEFB00B0E9CE /* UIViewController+Alert.swift */; };
/* End PBXBuildFile section */

/* Begin PBXFileReference section */
		FE40286D22175DB90062E355 /* MyMarvelHeroes.app */ = {isa = PBXFileReference; explicitFileType = wrapper.application; includeInIndex = 0; path = MyMarvelHeroes.app; sourceTree = BUILT_PRODUCTS_DIR; };
		FE40287022175DB90062E355 /* AppDelegate.swift */ = {isa = PBXFileReference; lastKnownFileType = sourcecode.swift; path = AppDelegate.swift; sourceTree = "<group>"; };
		FE40287522175DB90062E355 /* Base */ = {isa = PBXFileReference; lastKnownFileType = file.storyboard; name = Base; path = Base.lproj/Main.storyboard; sourceTree = "<group>"; };
		FE40287722175DBB0062E355 /* Assets.xcassets */ = {isa = PBXFileReference; lastKnownFileType = folder.assetcatalog; path = Assets.xcassets; sourceTree = "<group>"; };
		FE40287A22175DBB0062E355 /* Base */ = {isa = PBXFileReference; lastKnownFileType = file.storyboard; name = Base; path = Base.lproj/LaunchScreen.storyboard; sourceTree = "<group>"; };
		FE40287C22175DBB0062E355 /* Info.plist */ = {isa = PBXFileReference; lastKnownFileType = text.plist.xml; path = Info.plist; sourceTree = "<group>"; };
		FE402889221760C60062E355 /* ParameterEnconding.swift */ = {isa = PBXFileReference; lastKnownFileType = sourcecode.swift; path = ParameterEnconding.swift; sourceTree = "<group>"; };
		FE40288B221761F60062E355 /* URLParameterEncoder.swift */ = {isa = PBXFileReference; lastKnownFileType = sourcecode.swift; path = URLParameterEncoder.swift; sourceTree = "<group>"; };
		FE40288D221763750062E355 /* JSONParameterEncoder.swift */ = {isa = PBXFileReference; lastKnownFileType = sourcecode.swift; path = JSONParameterEncoder.swift; sourceTree = "<group>"; };
		FE4028902217674C0062E355 /* EndPointType.swift */ = {isa = PBXFileReference; lastKnownFileType = sourcecode.swift; path = EndPointType.swift; sourceTree = "<group>"; };
		FE4028922217681E0062E355 /* HTTPMethod.swift */ = {isa = PBXFileReference; lastKnownFileType = sourcecode.swift; path = HTTPMethod.swift; sourceTree = "<group>"; };
		FE402894221768800062E355 /* HTTPTask.swift */ = {isa = PBXFileReference; lastKnownFileType = sourcecode.swift; path = HTTPTask.swift; sourceTree = "<group>"; };
		FE402896221768A20062E355 /* HTTPHeaders.swift */ = {isa = PBXFileReference; lastKnownFileType = sourcecode.swift; path = HTTPHeaders.swift; sourceTree = "<group>"; };
		FE40289822176B6A0062E355 /* NetworkRouter.swift */ = {isa = PBXFileReference; lastKnownFileType = sourcecode.swift; path = NetworkRouter.swift; sourceTree = "<group>"; };
		FE40289A22176C3A0062E355 /* NetworkLogger.swift */ = {isa = PBXFileReference; lastKnownFileType = sourcecode.swift; path = NetworkLogger.swift; sourceTree = "<group>"; };
		FE40289C22176CC50062E355 /* Router.swift */ = {isa = PBXFileReference; lastKnownFileType = sourcecode.swift; path = Router.swift; sourceTree = "<group>"; };
		FE4028A02219AE670062E355 /* MarvelAPI.swift */ = {isa = PBXFileReference; lastKnownFileType = sourcecode.swift; path = MarvelAPI.swift; sourceTree = "<group>"; };
		FE4028A22219AE7A0062E355 /* MarvelAPI+Constants.swift */ = {isa = PBXFileReference; lastKnownFileType = sourcecode.swift; path = "MarvelAPI+Constants.swift"; sourceTree = "<group>"; };
		FE4028A62219B5340062E355 /* NetworkEnviroment.swift */ = {isa = PBXFileReference; lastKnownFileType = sourcecode.swift; path = NetworkEnviroment.swift; sourceTree = "<group>"; };
		FE4028A82219B61B0062E355 /* MarvelAPIManager.swift */ = {isa = PBXFileReference; lastKnownFileType = sourcecode.swift; path = MarvelAPIManager.swift; sourceTree = "<group>"; };
		FE4028AC2219BBA30062E355 /* String+MD5.swift */ = {isa = PBXFileReference; lastKnownFileType = sourcecode.swift; path = "String+MD5.swift"; sourceTree = "<group>"; };
		FE4028AE2219D2D70062E355 /* Hero.swift */ = {isa = PBXFileReference; lastKnownFileType = sourcecode.swift; path = Hero.swift; sourceTree = "<group>"; };
		FE4028B02219D3F80062E355 /* Thumbnail.swift */ = {isa = PBXFileReference; lastKnownFileType = sourcecode.swift; path = Thumbnail.swift; sourceTree = "<group>"; };
		FE4028B22219D5480062E355 /* Comics.swift */ = {isa = PBXFileReference; lastKnownFileType = sourcecode.swift; path = Comics.swift; sourceTree = "<group>"; };
		FE4028B42219D5FB0062E355 /* Stories.swift */ = {isa = PBXFileReference; lastKnownFileType = sourcecode.swift; path = Stories.swift; sourceTree = "<group>"; };
		FE4028B6221A3AA20062E355 /* Series.swift */ = {isa = PBXFileReference; lastKnownFileType = sourcecode.swift; path = Series.swift; sourceTree = "<group>"; };
		FE4028B8221A3AC40062E355 /* Events.swift */ = {isa = PBXFileReference; lastKnownFileType = sourcecode.swift; path = Events.swift; sourceTree = "<group>"; };
		FE4028BA221B05C00062E355 /* TabBarViewController.swift */ = {isa = PBXFileReference; lastKnownFileType = sourcecode.swift; path = TabBarViewController.swift; sourceTree = "<group>"; };
		FE4028BC221B05FD0062E355 /* HeroesViewController.swift */ = {isa = PBXFileReference; lastKnownFileType = sourcecode.swift; path = HeroesViewController.swift; sourceTree = "<group>"; };
		FE4028BE221B06990062E355 /* MyHeroesViewController.swift */ = {isa = PBXFileReference; lastKnownFileType = sourcecode.swift; path = MyHeroesViewController.swift; sourceTree = "<group>"; };
		FE4EEEB02221C1AF00B0E9CE /* HeroCollectionViewCell.swift */ = {isa = PBXFileReference; lastKnownFileType = sourcecode.swift; path = HeroCollectionViewCell.swift; sourceTree = "<group>"; };
		FE4EEEB42221C57E00B0E9CE /* Base */ = {isa = PBXFileReference; lastKnownFileType = file.storyboard; name = Base; path = Base.lproj/Heroes.storyboard; sourceTree = "<group>"; };
		FE4EEEB72221C6D200B0E9CE /* Base */ = {isa = PBXFileReference; lastKnownFileType = file.storyboard; name = Base; path = Base.lproj/MyHeroes.storyboard; sourceTree = "<group>"; };
		FE4EEEBD2221D26100B0E9CE /* HeroesViewController+CollectionView.swift */ = {isa = PBXFileReference; lastKnownFileType = sourcecode.swift; path = "HeroesViewController+CollectionView.swift"; sourceTree = "<group>"; };
		FE4EEEC1222207E900B0E9CE /* MarvelDataSource.swift */ = {isa = PBXFileReference; lastKnownFileType = sourcecode.swift; path = MarvelDataSource.swift; sourceTree = "<group>"; };
		FE4EEEC32222F23B00B0E9CE /* ImageCache.swift */ = {isa = PBXFileReference; lastKnownFileType = sourcecode.swift; path = ImageCache.swift; sourceTree = "<group>"; };
		FE4EEEC52224649C00B0E9CE /* HeroesViewController+UISearchBarDelegate.swift */ = {isa = PBXFileReference; lastKnownFileType = sourcecode.swift; path = "HeroesViewController+UISearchBarDelegate.swift"; sourceTree = "<group>"; };
		FE4EEEC82226CEFB00B0E9CE /* UIViewController+Alert.swift */ = {isa = PBXFileReference; lastKnownFileType = sourcecode.swift; path = "UIViewController+Alert.swift"; sourceTree = "<group>"; };
/* End PBXFileReference section */

/* Begin PBXFrameworksBuildPhase section */
		FE40286A22175DB90062E355 /* Frameworks */ = {
			isa = PBXFrameworksBuildPhase;
			buildActionMask = 2147483647;
			files = (
			);
			runOnlyForDeploymentPostprocessing = 0;
		};
/* End PBXFrameworksBuildPhase section */

/* Begin PBXGroup section */
		FE40286422175DB90062E355 = {
			isa = PBXGroup;
			children = (
				FE40286F22175DB90062E355 /* MyMarvelHeroes */,
				FE40286E22175DB90062E355 /* Products */,
			);
			sourceTree = "<group>";
		};
		FE40286E22175DB90062E355 /* Products */ = {
			isa = PBXGroup;
			children = (
				FE40286D22175DB90062E355 /* MyMarvelHeroes.app */,
			);
			name = Products;
			sourceTree = "<group>";
		};
		FE40286F22175DB90062E355 /* MyMarvelHeroes */ = {
			isa = PBXGroup;
			children = (
				FE4EEEB22221C50000B0E9CE /* Storyboards */,
				FE4028AA2219BB480062E355 /* Extensions */,
				FE40288722175F200062E355 /* Supporting Files */,
				FE40288622175F0E0062E355 /* Networking */,
				FE40288522175F020062E355 /* CoreData */,
				FE40288422175EF50062E355 /* Views */,
				FE40288322175EE80062E355 /* Controllers */,
				FE40288222175ED90062E355 /* Models */,
				FE40287022175DB90062E355 /* AppDelegate.swift */,
				FE40287722175DBB0062E355 /* Assets.xcassets */,
			);
			path = MyMarvelHeroes;
			sourceTree = "<group>";
		};
		FE40288222175ED90062E355 /* Models */ = {
			isa = PBXGroup;
			children = (
				FE4028AE2219D2D70062E355 /* Hero.swift */,
				FE4028B02219D3F80062E355 /* Thumbnail.swift */,
				FE4028B22219D5480062E355 /* Comics.swift */,
				FE4028B42219D5FB0062E355 /* Stories.swift */,
				FE4028B6221A3AA20062E355 /* Series.swift */,
				FE4028B8221A3AC40062E355 /* Events.swift */,
				FE4EEEC1222207E900B0E9CE /* MarvelDataSource.swift */,
				FE4EEEC32222F23B00B0E9CE /* ImageCache.swift */,
			);
			path = Models;
			sourceTree = "<group>";
		};
		FE40288322175EE80062E355 /* Controllers */ = {
			isa = PBXGroup;
			children = (
				FE4EEEBC2221D22A00B0E9CE /* MyHeroes */,
				FE4EEEBA2221D21C00B0E9CE /* Heroes */,
				FE4EEEB92221D20200B0E9CE /* TabBar */,
			);
			path = Controllers;
			sourceTree = "<group>";
		};
		FE40288422175EF50062E355 /* Views */ = {
			isa = PBXGroup;
			children = (
				FE4EEEB02221C1AF00B0E9CE /* HeroCollectionViewCell.swift */,
			);
			path = Views;
			sourceTree = "<group>";
		};
		FE40288522175F020062E355 /* CoreData */ = {
			isa = PBXGroup;
			children = (
			);
			path = CoreData;
			sourceTree = "<group>";
		};
		FE40288622175F0E0062E355 /* Networking */ = {
			isa = PBXGroup;
			children = (
				FE4028A42219B45D0062E355 /* Manager */,
				FE40289E2219AA950062E355 /* EndPoint */,
				FE40288F221767190062E355 /* Service */,
				FE402888221760B30062E355 /* Enconding */,
			);
			path = Networking;
			sourceTree = "<group>";
		};
		FE40288722175F200062E355 /* Supporting Files */ = {
			isa = PBXGroup;
			children = (
				FE40287C22175DBB0062E355 /* Info.plist */,
			);
			path = "Supporting Files";
			sourceTree = "<group>";
		};
		FE402888221760B30062E355 /* Enconding */ = {
			isa = PBXGroup;
			children = (
				FE402889221760C60062E355 /* ParameterEnconding.swift */,
				FE40288B221761F60062E355 /* URLParameterEncoder.swift */,
				FE40288D221763750062E355 /* JSONParameterEncoder.swift */,
			);
			path = Enconding;
			sourceTree = "<group>";
		};
		FE40288F221767190062E355 /* Service */ = {
			isa = PBXGroup;
			children = (
				FE4028902217674C0062E355 /* EndPointType.swift */,
				FE4028922217681E0062E355 /* HTTPMethod.swift */,
				FE402894221768800062E355 /* HTTPTask.swift */,
				FE402896221768A20062E355 /* HTTPHeaders.swift */,
				FE40289822176B6A0062E355 /* NetworkRouter.swift */,
				FE40289A22176C3A0062E355 /* NetworkLogger.swift */,
				FE40289C22176CC50062E355 /* Router.swift */,
				FE4028A62219B5340062E355 /* NetworkEnviroment.swift */,
			);
			path = Service;
			sourceTree = "<group>";
		};
		FE40289E2219AA950062E355 /* EndPoint */ = {
			isa = PBXGroup;
			children = (
				FE40289F2219AAA50062E355 /* MarvelAPI */,
			);
			path = EndPoint;
			sourceTree = "<group>";
		};
		FE40289F2219AAA50062E355 /* MarvelAPI */ = {
			isa = PBXGroup;
			children = (
				FE4028A02219AE670062E355 /* MarvelAPI.swift */,
				FE4028A22219AE7A0062E355 /* MarvelAPI+Constants.swift */,
			);
			path = MarvelAPI;
			sourceTree = "<group>";
		};
		FE4028A42219B45D0062E355 /* Manager */ = {
			isa = PBXGroup;
			children = (
				FE4028A52219B4800062E355 /* MarvelAPI */,
			);
			path = Manager;
			sourceTree = "<group>";
		};
		FE4028A52219B4800062E355 /* MarvelAPI */ = {
			isa = PBXGroup;
			children = (
				FE4028A82219B61B0062E355 /* MarvelAPIManager.swift */,
			);
			path = MarvelAPI;
			sourceTree = "<group>";
		};
		FE4028AA2219BB480062E355 /* Extensions */ = {
			isa = PBXGroup;
			children = (
				FE4EEEC72226CEE000B0E9CE /* UIViewController */,
				FE4028AB2219BB730062E355 /* String */,
			);
			path = Extensions;
			sourceTree = "<group>";
		};
		FE4028AB2219BB730062E355 /* String */ = {
			isa = PBXGroup;
			children = (
				FE4028AC2219BBA30062E355 /* String+MD5.swift */,
			);
			path = String;
			sourceTree = "<group>";
		};
		FE4EEEB22221C50000B0E9CE /* Storyboards */ = {
			isa = PBXGroup;
			children = (
				FE4EEEB62221C6D200B0E9CE /* MyHeroes.storyboard */,
				FE4EEEB32221C57E00B0E9CE /* Heroes.storyboard */,
				FE40287422175DB90062E355 /* Main.storyboard */,
				FE40287922175DBB0062E355 /* LaunchScreen.storyboard */,
			);
			path = Storyboards;
			sourceTree = "<group>";
		};
		FE4EEEB92221D20200B0E9CE /* TabBar */ = {
			isa = PBXGroup;
			children = (
				FE4028BA221B05C00062E355 /* TabBarViewController.swift */,
			);
			path = TabBar;
			sourceTree = "<group>";
		};
		FE4EEEBA2221D21C00B0E9CE /* Heroes */ = {
			isa = PBXGroup;
			children = (
				FE4028BC221B05FD0062E355 /* HeroesViewController.swift */,
				FE4EEEBD2221D26100B0E9CE /* HeroesViewController+CollectionView.swift */,
				FE4EEEC52224649C00B0E9CE /* HeroesViewController+UISearchBarDelegate.swift */,
			);
			path = Heroes;
			sourceTree = "<group>";
		};
		FE4EEEBC2221D22A00B0E9CE /* MyHeroes */ = {
			isa = PBXGroup;
			children = (
				FE4028BE221B06990062E355 /* MyHeroesViewController.swift */,
			);
			path = MyHeroes;
			sourceTree = "<group>";
		};
		FE4EEEC72226CEE000B0E9CE /* UIViewController */ = {
			isa = PBXGroup;
			children = (
				FE4EEEC82226CEFB00B0E9CE /* UIViewController+Alert.swift */,
			);
			path = UIViewController;
			sourceTree = "<group>";
		};
/* End PBXGroup section */

/* Begin PBXNativeTarget section */
		FE40286C22175DB90062E355 /* MyMarvelHeroes */ = {
			isa = PBXNativeTarget;
			buildConfigurationList = FE40287F22175DBB0062E355 /* Build configuration list for PBXNativeTarget "MyMarvelHeroes" */;
			buildPhases = (
				FE40286922175DB90062E355 /* Sources */,
				FE40286A22175DB90062E355 /* Frameworks */,
				FE40286B22175DB90062E355 /* Resources */,
				FE4EEEBF2221E94800B0E9CE /* ShellScript */,
				FE4EEEC02221E97500B0E9CE /* ShellScript */,
			);
			buildRules = (
			);
			dependencies = (
			);
			name = MyMarvelHeroes;
			productName = MyMarvelHeroes;
			productReference = FE40286D22175DB90062E355 /* MyMarvelHeroes.app */;
			productType = "com.apple.product-type.application";
		};
/* End PBXNativeTarget section */

/* Begin PBXProject section */
		FE40286522175DB90062E355 /* Project object */ = {
			isa = PBXProject;
			attributes = {
				LastSwiftUpdateCheck = 1010;
				LastUpgradeCheck = 1010;
				ORGANIZATIONNAME = "Matheus Lima";
				TargetAttributes = {
					FE40286C22175DB90062E355 = {
						CreatedOnToolsVersion = 10.1;
					};
				};
			};
			buildConfigurationList = FE40286822175DB90062E355 /* Build configuration list for PBXProject "MyMarvelHeroes" */;
			compatibilityVersion = "Xcode 9.3";
			developmentRegion = en;
			hasScannedForEncodings = 0;
			knownRegions = (
				en,
				Base,
			);
			mainGroup = FE40286422175DB90062E355;
			productRefGroup = FE40286E22175DB90062E355 /* Products */;
			projectDirPath = "";
			projectRoot = "";
			targets = (
				FE40286C22175DB90062E355 /* MyMarvelHeroes */,
			);
		};
/* End PBXProject section */

/* Begin PBXResourcesBuildPhase section */
		FE40286B22175DB90062E355 /* Resources */ = {
			isa = PBXResourcesBuildPhase;
			buildActionMask = 2147483647;
			files = (
				FE40287B22175DBB0062E355 /* LaunchScreen.storyboard in Resources */,
				FE40287822175DBB0062E355 /* Assets.xcassets in Resources */,
				FE4EEEB82221C6D200B0E9CE /* MyHeroes.storyboard in Resources */,
				FE4EEEB52221C57E00B0E9CE /* Heroes.storyboard in Resources */,
				FE40287622175DB90062E355 /* Main.storyboard in Resources */,
			);
			runOnlyForDeploymentPostprocessing = 0;
		};
/* End PBXResourcesBuildPhase section */

/* Begin PBXShellScriptBuildPhase section */
		FE4EEEBF2221E94800B0E9CE /* ShellScript */ = {
			isa = PBXShellScriptBuildPhase;
			buildActionMask = 2147483647;
			files = (
			);
			inputFileListPaths = (
			);
			inputPaths = (
			);
			outputFileListPaths = (
			);
			outputPaths = (
			);
			runOnlyForDeploymentPostprocessing = 0;
			shellPath = /bin/sh;
			shellScript = "# Type a script or drag a script file from your workspace to insert its path.\nTAGS=\"TODO:|FIXME:\"\nERRORTAG=\"ERROR:\"\nfind \"${SRCROOT}\" \\( -name \"*.h\" -or -name \"*.m\" -or -name \"*.swift\" \\) -print0 | xargs -0 egrep --with-filename --line-number --only-matching \"($TAGS).*\\$|($ERRORTAG).*\\$\" | perl -p -e \"s/($TAGS)/ warning: \\$1/\" | perl -p -e \"s/($ERRORTAG)/ error: \\$1/\"\n";
		};
		FE4EEEC02221E97500B0E9CE /* ShellScript */ = {
			isa = PBXShellScriptBuildPhase;
			buildActionMask = 2147483647;
			files = (
			);
			inputFileListPaths = (
			);
			inputPaths = (
			);
			outputFileListPaths = (
			);
			outputPaths = (
			);
			runOnlyForDeploymentPostprocessing = 0;
			shellPath = /bin/sh;
			shellScript = "# Type a script or drag a script file from your workspace to insert its path.\n";
		};
/* End PBXShellScriptBuildPhase section */

/* Begin PBXSourcesBuildPhase section */
		FE40286922175DB90062E355 /* Sources */ = {
			isa = PBXSourcesBuildPhase;
			buildActionMask = 2147483647;
			files = (
				FE402897221768A20062E355 /* HTTPHeaders.swift in Sources */,
				FE4028BF221B06990062E355 /* MyHeroesViewController.swift in Sources */,
				FE4EEEC92226CEFB00B0E9CE /* UIViewController+Alert.swift in Sources */,
				FE4028A32219AE7A0062E355 /* MarvelAPI+Constants.swift in Sources */,
				FE4EEEC2222207E900B0E9CE /* MarvelDataSource.swift in Sources */,
				FE40288E221763750062E355 /* JSONParameterEncoder.swift in Sources */,
				FE40288C221761F60062E355 /* URLParameterEncoder.swift in Sources */,
				FE4028932217681E0062E355 /* HTTPMethod.swift in Sources */,
				FE4028B32219D5480062E355 /* Comics.swift in Sources */,
				FE4028B9221A3AC40062E355 /* Events.swift in Sources */,
				FE4028B52219D5FB0062E355 /* Stories.swift in Sources */,
				FE40289D22176CC50062E355 /* Router.swift in Sources */,
				FE4EEEB12221C1AF00B0E9CE /* HeroCollectionViewCell.swift in Sources */,
				FE4028B7221A3AA20062E355 /* Series.swift in Sources */,
				FE4EEEC62224649C00B0E9CE /* HeroesViewController+UISearchBarDelegate.swift in Sources */,
				FE4028912217674C0062E355 /* EndPointType.swift in Sources */,
				FE402895221768800062E355 /* HTTPTask.swift in Sources */,
				FE4028A12219AE670062E355 /* MarvelAPI.swift in Sources */,
				FE4028AD2219BBA30062E355 /* String+MD5.swift in Sources */,
				FE4028A72219B5340062E355 /* NetworkEnviroment.swift in Sources */,
				FE4EEEBE2221D26100B0E9CE /* HeroesViewController+CollectionView.swift in Sources */,
				FE4028BB221B05C00062E355 /* TabBarViewController.swift in Sources */,
				FE4028AF2219D2D70062E355 /* Hero.swift in Sources */,
				FE40289922176B6A0062E355 /* NetworkRouter.swift in Sources */,
				FE4028BD221B05FD0062E355 /* HeroesViewController.swift in Sources */,
				FE40288A221760C60062E355 /* ParameterEnconding.swift in Sources */,
				FE4028A92219B61B0062E355 /* MarvelAPIManager.swift in Sources */,
				FE4028B12219D3F80062E355 /* Thumbnail.swift in Sources */,
				FE40287122175DB90062E355 /* AppDelegate.swift in Sources */,
				FE40289B22176C3A0062E355 /* NetworkLogger.swift in Sources */,
				FE4EEEC42222F23B00B0E9CE /* ImageCache.swift in Sources */,
			);
			runOnlyForDeploymentPostprocessing = 0;
		};
/* End PBXSourcesBuildPhase section */

/* Begin PBXVariantGroup section */
		FE40287422175DB90062E355 /* Main.storyboard */ = {
			isa = PBXVariantGroup;
			children = (
				FE40287522175DB90062E355 /* Base */,
			);
			name = Main.storyboard;
			sourceTree = "<group>";
		};
		FE40287922175DBB0062E355 /* LaunchScreen.storyboard */ = {
			isa = PBXVariantGroup;
			children = (
				FE40287A22175DBB0062E355 /* Base */,
			);
			name = LaunchScreen.storyboard;
			sourceTree = "<group>";
		};
		FE4EEEB32221C57E00B0E9CE /* Heroes.storyboard */ = {
			isa = PBXVariantGroup;
			children = (
				FE4EEEB42221C57E00B0E9CE /* Base */,
			);
			name = Heroes.storyboard;
			sourceTree = "<group>";
		};
		FE4EEEB62221C6D200B0E9CE /* MyHeroes.storyboard */ = {
			isa = PBXVariantGroup;
			children = (
				FE4EEEB72221C6D200B0E9CE /* Base */,
			);
			name = MyHeroes.storyboard;
			sourceTree = "<group>";
		};
/* End PBXVariantGroup section */

/* Begin XCBuildConfiguration section */
		FE40287D22175DBB0062E355 /* Debug */ = {
			isa = XCBuildConfiguration;
			buildSettings = {
				ALWAYS_SEARCH_USER_PATHS = NO;
				CLANG_ANALYZER_NONNULL = YES;
				CLANG_ANALYZER_NUMBER_OBJECT_CONVERSION = YES_AGGRESSIVE;
				CLANG_CXX_LANGUAGE_STANDARD = "gnu++14";
				CLANG_CXX_LIBRARY = "libc++";
				CLANG_ENABLE_MODULES = YES;
				CLANG_ENABLE_OBJC_ARC = YES;
				CLANG_ENABLE_OBJC_WEAK = YES;
				CLANG_WARN_BLOCK_CAPTURE_AUTORELEASING = YES;
				CLANG_WARN_BOOL_CONVERSION = YES;
				CLANG_WARN_COMMA = YES;
				CLANG_WARN_CONSTANT_CONVERSION = YES;
				CLANG_WARN_DEPRECATED_OBJC_IMPLEMENTATIONS = YES;
				CLANG_WARN_DIRECT_OBJC_ISA_USAGE = YES_ERROR;
				CLANG_WARN_DOCUMENTATION_COMMENTS = YES;
				CLANG_WARN_EMPTY_BODY = YES;
				CLANG_WARN_ENUM_CONVERSION = YES;
				CLANG_WARN_INFINITE_RECURSION = YES;
				CLANG_WARN_INT_CONVERSION = YES;
				CLANG_WARN_NON_LITERAL_NULL_CONVERSION = YES;
				CLANG_WARN_OBJC_IMPLICIT_RETAIN_SELF = YES;
				CLANG_WARN_OBJC_LITERAL_CONVERSION = YES;
				CLANG_WARN_OBJC_ROOT_CLASS = YES_ERROR;
				CLANG_WARN_RANGE_LOOP_ANALYSIS = YES;
				CLANG_WARN_STRICT_PROTOTYPES = YES;
				CLANG_WARN_SUSPICIOUS_MOVE = YES;
				CLANG_WARN_UNGUARDED_AVAILABILITY = YES_AGGRESSIVE;
				CLANG_WARN_UNREACHABLE_CODE = YES;
				CLANG_WARN__DUPLICATE_METHOD_MATCH = YES;
				CODE_SIGN_IDENTITY = "iPhone Developer";
				COPY_PHASE_STRIP = NO;
				DEBUG_INFORMATION_FORMAT = dwarf;
				ENABLE_STRICT_OBJC_MSGSEND = YES;
				ENABLE_TESTABILITY = YES;
				GCC_C_LANGUAGE_STANDARD = gnu11;
				GCC_DYNAMIC_NO_PIC = NO;
				GCC_NO_COMMON_BLOCKS = YES;
				GCC_OPTIMIZATION_LEVEL = 0;
				GCC_PREPROCESSOR_DEFINITIONS = (
					"DEBUG=1",
					"$(inherited)",
				);
				GCC_WARN_64_TO_32_BIT_CONVERSION = YES;
				GCC_WARN_ABOUT_RETURN_TYPE = YES_ERROR;
				GCC_WARN_UNDECLARED_SELECTOR = YES;
				GCC_WARN_UNINITIALIZED_AUTOS = YES_AGGRESSIVE;
				GCC_WARN_UNUSED_FUNCTION = YES;
				GCC_WARN_UNUSED_VARIABLE = YES;
				IPHONEOS_DEPLOYMENT_TARGET = 12.1;
				MTL_ENABLE_DEBUG_INFO = INCLUDE_SOURCE;
				MTL_FAST_MATH = YES;
				ONLY_ACTIVE_ARCH = YES;
				SDKROOT = iphoneos;
				SWIFT_ACTIVE_COMPILATION_CONDITIONS = DEBUG;
				SWIFT_OPTIMIZATION_LEVEL = "-Onone";
			};
			name = Debug;
		};
		FE40287E22175DBB0062E355 /* Release */ = {
			isa = XCBuildConfiguration;
			buildSettings = {
				ALWAYS_SEARCH_USER_PATHS = NO;
				CLANG_ANALYZER_NONNULL = YES;
				CLANG_ANALYZER_NUMBER_OBJECT_CONVERSION = YES_AGGRESSIVE;
				CLANG_CXX_LANGUAGE_STANDARD = "gnu++14";
				CLANG_CXX_LIBRARY = "libc++";
				CLANG_ENABLE_MODULES = YES;
				CLANG_ENABLE_OBJC_ARC = YES;
				CLANG_ENABLE_OBJC_WEAK = YES;
				CLANG_WARN_BLOCK_CAPTURE_AUTORELEASING = YES;
				CLANG_WARN_BOOL_CONVERSION = YES;
				CLANG_WARN_COMMA = YES;
				CLANG_WARN_CONSTANT_CONVERSION = YES;
				CLANG_WARN_DEPRECATED_OBJC_IMPLEMENTATIONS = YES;
				CLANG_WARN_DIRECT_OBJC_ISA_USAGE = YES_ERROR;
				CLANG_WARN_DOCUMENTATION_COMMENTS = YES;
				CLANG_WARN_EMPTY_BODY = YES;
				CLANG_WARN_ENUM_CONVERSION = YES;
				CLANG_WARN_INFINITE_RECURSION = YES;
				CLANG_WARN_INT_CONVERSION = YES;
				CLANG_WARN_NON_LITERAL_NULL_CONVERSION = YES;
				CLANG_WARN_OBJC_IMPLICIT_RETAIN_SELF = YES;
				CLANG_WARN_OBJC_LITERAL_CONVERSION = YES;
				CLANG_WARN_OBJC_ROOT_CLASS = YES_ERROR;
				CLANG_WARN_RANGE_LOOP_ANALYSIS = YES;
				CLANG_WARN_STRICT_PROTOTYPES = YES;
				CLANG_WARN_SUSPICIOUS_MOVE = YES;
				CLANG_WARN_UNGUARDED_AVAILABILITY = YES_AGGRESSIVE;
				CLANG_WARN_UNREACHABLE_CODE = YES;
				CLANG_WARN__DUPLICATE_METHOD_MATCH = YES;
				CODE_SIGN_IDENTITY = "iPhone Developer";
				COPY_PHASE_STRIP = NO;
				DEBUG_INFORMATION_FORMAT = "dwarf-with-dsym";
				ENABLE_NS_ASSERTIONS = NO;
				ENABLE_STRICT_OBJC_MSGSEND = YES;
				GCC_C_LANGUAGE_STANDARD = gnu11;
				GCC_NO_COMMON_BLOCKS = YES;
				GCC_WARN_64_TO_32_BIT_CONVERSION = YES;
				GCC_WARN_ABOUT_RETURN_TYPE = YES_ERROR;
				GCC_WARN_UNDECLARED_SELECTOR = YES;
				GCC_WARN_UNINITIALIZED_AUTOS = YES_AGGRESSIVE;
				GCC_WARN_UNUSED_FUNCTION = YES;
				GCC_WARN_UNUSED_VARIABLE = YES;
				IPHONEOS_DEPLOYMENT_TARGET = 12.1;
				MTL_ENABLE_DEBUG_INFO = NO;
				MTL_FAST_MATH = YES;
				SDKROOT = iphoneos;
				SWIFT_COMPILATION_MODE = wholemodule;
				SWIFT_OPTIMIZATION_LEVEL = "-O";
				VALIDATE_PRODUCT = YES;
			};
			name = Release;
		};
		FE40288022175DBB0062E355 /* Debug */ = {
			isa = XCBuildConfiguration;
			buildSettings = {
				ASSETCATALOG_COMPILER_APPICON_NAME = AppIcon;
				CODE_SIGN_STYLE = Automatic;
				DEVELOPMENT_TEAM = 3TBYKSQUS6;
				INFOPLIST_FILE = "$(SRCROOT)/MyMarvelHeroes/Supporting Files/Info.plist";
				LD_RUNPATH_SEARCH_PATHS = (
					"$(inherited)",
					"@executable_path/Frameworks",
				);
				PRODUCT_BUNDLE_IDENTIFIER = com.udacity.course.matheus.lima.MyMarvelHeroes;
				PRODUCT_NAME = "$(TARGET_NAME)";
				SWIFT_VERSION = 4.2;
				TARGETED_DEVICE_FAMILY = "1,2";
			};
			name = Debug;
		};
		FE40288122175DBB0062E355 /* Release */ = {
			isa = XCBuildConfiguration;
			buildSettings = {
				ASSETCATALOG_COMPILER_APPICON_NAME = AppIcon;
				CODE_SIGN_STYLE = Automatic;
				DEVELOPMENT_TEAM = 3TBYKSQUS6;
				INFOPLIST_FILE = "$(SRCROOT)/MyMarvelHeroes/Supporting Files/Info.plist";
				LD_RUNPATH_SEARCH_PATHS = (
					"$(inherited)",
					"@executable_path/Frameworks",
				);
				PRODUCT_BUNDLE_IDENTIFIER = com.udacity.course.matheus.lima.MyMarvelHeroes;
				PRODUCT_NAME = "$(TARGET_NAME)";
				SWIFT_VERSION = 4.2;
				TARGETED_DEVICE_FAMILY = "1,2";
			};
			name = Release;
		};
/* End XCBuildConfiguration section */

/* Begin XCConfigurationList section */
		FE40286822175DB90062E355 /* Build configuration list for PBXProject "MyMarvelHeroes" */ = {
			isa = XCConfigurationList;
			buildConfigurations = (
				FE40287D22175DBB0062E355 /* Debug */,
				FE40287E22175DBB0062E355 /* Release */,
			);
			defaultConfigurationIsVisible = 0;
			defaultConfigurationName = Release;
		};
		FE40287F22175DBB0062E355 /* Build configuration list for PBXNativeTarget "MyMarvelHeroes" */ = {
			isa = XCConfigurationList;
			buildConfigurations = (
				FE40288022175DBB0062E355 /* Debug */,
				FE40288122175DBB0062E355 /* Release */,
			);
			defaultConfigurationIsVisible = 0;
			defaultConfigurationName = Release;
		};
/* End XCConfigurationList section */
	};
	rootObject = FE40286522175DB90062E355 /* Project object */;
}
